{
  "name": "apostrophe-cli",
  "version": "2.1.5",
  "lockfileVersion": 1,
  "requires": true,
  "dependencies": {
    "ansi-escapes": {
      "version": "3.0.0",
      "resolved": "https://registry.npmjs.org/ansi-escapes/-/ansi-escapes-3.0.0.tgz",
      "integrity": "sha512-O/klc27mWNUigtv0F8NJWbLF00OcegQalkqKURWdosW08YZKi4m6CnSUSvIZG1otNJbTWhN01Hhz389DW7mvDQ=="
    },
    "ansi-regex": {
      "version": "3.0.0",
      "resolved": "https://registry.npmjs.org/ansi-regex/-/ansi-regex-3.0.0.tgz",
      "integrity": "sha1-7QMXwyIGT3lGbAKWa922Bas32Zg="
    },
    "ansi-styles": {
      "version": "3.2.0",
      "resolved": "https://registry.npmjs.org/ansi-styles/-/ansi-styles-3.2.0.tgz",
      "integrity": "sha512-NnSOmMEYtVR2JVMIGTzynRkkaxtiq1xnFBcdQD/DnNCYPoEPsVJhM98BDyaoNOQIi7p4okdi3E27eN7GQbsUug==",
      "requires": {
        "color-convert": "1.9.1"
      }
    },
    "bluebird": {
      "version": "3.5.1",
      "resolved": "https://registry.npmjs.org/bluebird/-/bluebird-3.5.1.tgz",
      "integrity": "sha512-MKiLiV+I1AA596t9w1sQJ8jkiSr5+ZKi0WKrYGUn6d1Fx+Ij4tIj+m2WMQSGczs5jZVxV339chE8iwk6F64wjA=="
    },
    "chalk": {
      "version": "2.3.0",
      "resolved": "https://registry.npmjs.org/chalk/-/chalk-2.3.0.tgz",
      "integrity": "sha512-Az5zJR2CBujap2rqXGaJKaPHyJ0IrUimvYNX+ncCy8PJP4ltOGTrHUIo097ZaL2zMeKYpiCdqDvS6zdrTFok3Q==",
      "requires": {
        "ansi-styles": "3.2.0",
        "escape-string-regexp": "1.0.5",
        "supports-color": "4.5.0"
      }
    },
    "chardet": {
      "version": "0.4.2",
      "resolved": "https://registry.npmjs.org/chardet/-/chardet-0.4.2.tgz",
      "integrity": "sha1-tUc7M9yXxCTl2Y3IfVXU2KKci/I="
    },
    "cli-cursor": {
      "version": "2.1.0",
      "resolved": "https://registry.npmjs.org/cli-cursor/-/cli-cursor-2.1.0.tgz",
      "integrity": "sha1-s12sN2R5+sw+lHR9QdDQ9SOP/LU=",
      "requires": {
        "restore-cursor": "2.0.0"
      }
    },
    "cli-width": {
      "version": "2.2.0",
      "resolved": "https://registry.npmjs.org/cli-width/-/cli-width-2.2.0.tgz",
      "integrity": "sha1-/xnt6Kml5XkyQUewwR8PvLq+1jk="
    },
    "color-convert": {
      "version": "1.9.1",
      "resolved": "https://registry.npmjs.org/color-convert/-/color-convert-1.9.1.tgz",
      "integrity": "sha512-mjGanIiwQJskCC18rPR6OmrZ6fm2Lc7PeGFYwCmy5J34wC6F1PzdGL6xeMfmgicfYcNLGuVFA3WzXtIDCQSZxQ==",
      "requires": {
        "color-name": "1.1.3"
      }
    },
    "color-name": {
      "version": "1.1.3",
      "resolved": "https://registry.npmjs.org/color-name/-/color-name-1.1.3.tgz",
      "integrity": "sha1-p9BVi9icQveV3UIyj3QIMcpTvCU="
    },
    "colors": {
      "version": "1.0.3",
      "resolved": "https://registry.npmjs.org/colors/-/colors-1.0.3.tgz",
      "integrity": "sha1-BDP0TYCWgP3rYO0mDxsMJi6CpAs="
    },
    "commander": {
      "version": "2.5.1",
      "resolved": "https://registry.npmjs.org/commander/-/commander-2.5.1.tgz",
      "integrity": "sha1-I8Yfbke+FDzALnrUuxxH9c1aKIM="
    },
    "escape-string-regexp": {
      "version": "1.0.5",
      "resolved": "https://registry.npmjs.org/escape-string-regexp/-/escape-string-regexp-1.0.5.tgz",
      "integrity": "sha1-G2HAViGQqN/2rjuyzwIAyhMLhtQ="
    },
    "external-editor": {
      "version": "2.1.0",
      "resolved": "https://registry.npmjs.org/external-editor/-/external-editor-2.1.0.tgz",
      "integrity": "sha512-E44iT5QVOUJBKij4IIV3uvxuNlbKS38Tw1HiupxEIHPv9qtC2PrDYohbXV5U+1jnfIXttny8gUhj+oZvflFlzA==",
      "requires": {
        "chardet": "0.4.2",
        "iconv-lite": "0.4.19",
        "tmp": "0.0.33"
      }
    },
    "figures": {
      "version": "2.0.0",
      "resolved": "https://registry.npmjs.org/figures/-/figures-2.0.0.tgz",
      "integrity": "sha1-OrGi0qYsi/tDGgyUy3l6L84nyWI=",
      "requires": {
        "escape-string-regexp": "1.0.5"
      }
    },
    "has-flag": {
      "version": "2.0.0",
      "resolved": "https://registry.npmjs.org/has-flag/-/has-flag-2.0.0.tgz",
      "integrity": "sha1-6CB68cx7MNRGzHC3NLXovhj4jVE="
    },
    "iconv-lite": {
      "version": "0.4.19",
      "resolved": "https://registry.npmjs.org/iconv-lite/-/iconv-lite-0.4.19.tgz",
      "integrity": "sha512-oTZqweIP51xaGPI4uPa56/Pri/480R+mo7SeU+YETByQNhDG55ycFyNLIgta9vXhILrxXDmF7ZGhqZIcuN0gJQ=="
    },
    "inquirer": {
      "version": "4.0.1",
      "resolved": "https://registry.npmjs.org/inquirer/-/inquirer-4.0.1.tgz",
      "integrity": "sha512-HVU3eq/6DCt5Wkt46N6cooQBLlQy55UcmTGwMOe7XEmuxgdVjNxllS3pxrKDc8+OmNIbu+saotsCfH7m+IxHfg==",
      "requires": {
        "ansi-escapes": "3.0.0",
        "chalk": "2.3.0",
        "cli-cursor": "2.1.0",
        "cli-width": "2.2.0",
        "external-editor": "2.1.0",
        "figures": "2.0.0",
        "lodash": "https://registry.npmjs.org/lodash/-/lodash-4.17.4.tgz",
        "mute-stream": "0.0.7",
        "run-async": "2.3.0",
        "rx-lite": "4.0.8",
        "rx-lite-aggregates": "4.0.8",
        "string-width": "2.1.1",
        "strip-ansi": "4.0.0",
        "through": "2.3.8"
      }
    },
    "is-fullwidth-code-point": {
      "version": "2.0.0",
      "resolved": "https://registry.npmjs.org/is-fullwidth-code-point/-/is-fullwidth-code-point-2.0.0.tgz",
      "integrity": "sha1-o7MKXE8ZkYMWeqq5O+764937ZU8="
    },
    "is-promise": {
      "version": "2.1.0",
      "resolved": "https://registry.npmjs.org/is-promise/-/is-promise-2.1.0.tgz",
      "integrity": "sha1-eaKp7OfwlugPNtKy87wWwf9L8/o="
    },
    "lodash": {
      "version": "https://registry.npmjs.org/lodash/-/lodash-4.17.4.tgz",
      "integrity": "sha1-eCA6TRwyiuHYbcpkYONptX9AVa4="
    },
    "mimic-fn": {
      "version": "1.1.0",
      "resolved": "https://registry.npmjs.org/mimic-fn/-/mimic-fn-1.1.0.tgz",
      "integrity": "sha1-5md4PZLonb00KBi1IwudYqZyrRg="
    },
    "mute-stream": {
      "version": "0.0.7",
      "resolved": "https://registry.npmjs.org/mute-stream/-/mute-stream-0.0.7.tgz",
      "integrity": "sha1-MHXOk7whuPq0PhvE2n6BFe0ee6s="
    },
    "onetime": {
      "version": "2.0.1",
      "resolved": "https://registry.npmjs.org/onetime/-/onetime-2.0.1.tgz",
      "integrity": "sha1-BnQoIw/WdEOyeUsiu6UotoZ5YtQ=",
      "requires": {
        "mimic-fn": "1.1.0"
      }
    },
    "os-tmpdir": {
      "version": "1.0.2",
      "resolved": "https://registry.npmjs.org/os-tmpdir/-/os-tmpdir-1.0.2.tgz",
      "integrity": "sha1-u+Z0BseaqFxc/sdm/lc0VV36EnQ="
    },
    "prompt": {
      "version": "0.2.14",
      "resolved": "https://registry.npmjs.org/prompt/-/prompt-0.2.14.tgz",
      "integrity": "sha1-V3VPZPVD/XsIRXB8gY7OYY8F/9w=",
      "requires": {
        "pkginfo": "0.4.0",
        "read": "1.0.7",
        "revalidator": "0.1.8",
        "utile": "0.2.1",
        "winston": "0.8.3"
      },
      "dependencies": {
        "pkginfo": {
          "version": "0.4.0",
          "resolved": "https://registry.npmjs.org/pkginfo/-/pkginfo-0.4.0.tgz",
          "integrity": "sha1-NJ27f/04CB/K3AhT32h/DHdEzWU="
        },
        "read": {
          "version": "1.0.7",
          "resolved": "https://registry.npmjs.org/read/-/read-1.0.7.tgz",
          "integrity": "sha1-s9oZvQUkMal2cdRKQmNK33ELQMQ=",
          "requires": {
            "mute-stream": "0.0.7"
          },
          "dependencies": {
            "mute-stream": {
              "version": "0.0.7",
              "resolved": "https://registry.npmjs.org/mute-stream/-/mute-stream-0.0.7.tgz",
              "integrity": "sha1-MHXOk7whuPq0PhvE2n6BFe0ee6s="
            }
          }
        },
        "revalidator": {
          "version": "0.1.8",
          "resolved": "https://registry.npmjs.org/revalidator/-/revalidator-0.1.8.tgz",
          "integrity": "sha1-/s5hv6DBtSoga9axgZgYS91SOjs="
        },
        "utile": {
          "version": "0.2.1",
          "resolved": "https://registry.npmjs.org/utile/-/utile-0.2.1.tgz",
          "integrity": "sha1-kwyI6ZCY1iIINMNWy9mncFItkNc=",
          "requires": {
            "async": "0.2.10",
            "deep-equal": "1.0.1",
            "i": "0.3.5",
            "mkdirp": "0.5.1",
            "ncp": "0.4.2",
            "rimraf": "2.6.1"
          },
          "dependencies": {
            "async": {
              "version": "0.2.10",
              "resolved": "https://registry.npmjs.org/async/-/async-0.2.10.tgz",
              "integrity": "sha1-trvgsGdLnXGXCMo43owjfLUmw9E="
            },
            "deep-equal": {
              "version": "1.0.1",
              "resolved": "https://registry.npmjs.org/deep-equal/-/deep-equal-1.0.1.tgz",
              "integrity": "sha1-9dJgKStmDghO/0zbyfCK0yR0SLU="
            },
            "i": {
              "version": "0.3.5",
              "resolved": "https://registry.npmjs.org/i/-/i-0.3.5.tgz",
              "integrity": "sha1-HSuFQVjsgWkRPGy39raAHpniEdU="
            },
            "mkdirp": {
              "version": "0.5.1",
              "resolved": "https://registry.npmjs.org/mkdirp/-/mkdirp-0.5.1.tgz",
              "integrity": "sha1-MAV0OOrGz3+MR2fzhkjWaX11yQM=",
              "requires": {
                "minimist": "0.0.8"
              },
              "dependencies": {
                "minimist": {
                  "version": "0.0.8",
                  "resolved": "https://registry.npmjs.org/minimist/-/minimist-0.0.8.tgz",
                  "integrity": "sha1-hX/Kv8M5fSYluCKCYuhqp6ARsF0="
                }
              }
            },
            "ncp": {
              "version": "0.4.2",
              "resolved": "https://registry.npmjs.org/ncp/-/ncp-0.4.2.tgz",
              "integrity": "sha1-q8xsvT7C7Spyn/bnwfqPAXhKhXQ="
            },
            "rimraf": {
              "version": "2.6.1",
              "resolved": "https://registry.npmjs.org/rimraf/-/rimraf-2.6.1.tgz",
              "integrity": "sha1-wjOOxkPfeht/5cVPqG9XQopV8z0=",
              "requires": {
                "glob": "7.1.2"
              },
              "dependencies": {
                "glob": {
                  "version": "7.1.2",
                  "resolved": "https://registry.npmjs.org/glob/-/glob-7.1.2.tgz",
                  "integrity": "sha1-wZyd+aAocC1nhhI4SmVSQExjbRU=",
                  "requires": {
                    "fs.realpath": "1.0.0",
                    "inflight": "1.0.6",
                    "inherits": "2.0.3",
                    "minimatch": "3.0.4",
                    "once": "1.4.0",
                    "path-is-absolute": "1.0.1"
                  },
                  "dependencies": {
                    "fs.realpath": {
                      "version": "1.0.0",
                      "resolved": "https://registry.npmjs.org/fs.realpath/-/fs.realpath-1.0.0.tgz",
                      "integrity": "sha1-FQStJSMVjKpA20onh8sBQRmU6k8="
                    },
                    "inflight": {
                      "version": "1.0.6",
                      "resolved": "https://registry.npmjs.org/inflight/-/inflight-1.0.6.tgz",
                      "integrity": "sha1-Sb1jMdfQLQwJvJEKEHW6gWW1bfk=",
                      "requires": {
                        "once": "1.4.0",
                        "wrappy": "1.0.2"
                      },
                      "dependencies": {
                        "wrappy": {
                          "version": "1.0.2",
                          "resolved": "https://registry.npmjs.org/wrappy/-/wrappy-1.0.2.tgz",
                          "integrity": "sha1-tSQ9jz7BqjXxNkYFvA0QNuMKtp8="
                        }
                      }
                    },
                    "inherits": {
                      "version": "2.0.3",
                      "resolved": "https://registry.npmjs.org/inherits/-/inherits-2.0.3.tgz",
                      "integrity": "sha1-Yzwsg+PaQqUC9SRmAiSA9CCCYd4="
                    },
                    "minimatch": {
                      "version": "3.0.4",
                      "resolved": "https://registry.npmjs.org/minimatch/-/minimatch-3.0.4.tgz",
                      "integrity": "sha1-UWbihkV/AzBgZL5Ul+jbsMPTIIM=",
                      "requires": {
                        "brace-expansion": "1.1.7"
                      },
                      "dependencies": {
                        "brace-expansion": {
                          "version": "1.1.7",
                          "resolved": "https://registry.npmjs.org/brace-expansion/-/brace-expansion-1.1.7.tgz",
                          "integrity": "sha1-Pv/DxQ4ABTH7cg6v+A8K6O8jz1k=",
                          "requires": {
                            "balanced-match": "0.4.2",
                            "concat-map": "0.0.1"
                          },
                          "dependencies": {
                            "balanced-match": {
                              "version": "0.4.2",
                              "resolved": "https://registry.npmjs.org/balanced-match/-/balanced-match-0.4.2.tgz",
                              "integrity": "sha1-yz8+PHMtwPAe5wtAPzAuYddwmDg="
                            },
                            "concat-map": {
                              "version": "0.0.1",
                              "resolved": "https://registry.npmjs.org/concat-map/-/concat-map-0.0.1.tgz",
                              "integrity": "sha1-2Klr13/Wjfd5OnMDajug1UBdR3s="
                            }
                          }
                        }
                      }
                    },
                    "once": {
                      "version": "1.4.0",
                      "resolved": "https://registry.npmjs.org/once/-/once-1.4.0.tgz",
                      "integrity": "sha1-WDsap3WWHUsROsF9nFC6753Xa9E=",
                      "requires": {
                        "wrappy": "1.0.2"
                      },
                      "dependencies": {
                        "wrappy": {
                          "version": "1.0.2",
                          "resolved": "https://registry.npmjs.org/wrappy/-/wrappy-1.0.2.tgz",
                          "integrity": "sha1-tSQ9jz7BqjXxNkYFvA0QNuMKtp8="
                        }
                      }
                    },
                    "path-is-absolute": {
                      "version": "1.0.1",
                      "resolved": "https://registry.npmjs.org/path-is-absolute/-/path-is-absolute-1.0.1.tgz",
                      "integrity": "sha1-F0uSaHNVNP+8es5r9TpanhtcX18="
                    }
                  }
                }
              }
            }
          }
        },
        "winston": {
          "version": "0.8.3",
          "resolved": "https://registry.npmjs.org/winston/-/winston-0.8.3.tgz",
          "integrity": "sha1-ZLar9M0Brcrv1QCTk7HY6L7BnbA=",
          "requires": {
            "async": "0.2.10",
            "colors": "0.6.2",
            "cycle": "1.0.3",
            "eyes": "0.1.8",
            "isstream": "0.1.2",
            "pkginfo": "0.3.1",
            "stack-trace": "0.0.10"
          },
          "dependencies": {
            "async": {
              "version": "0.2.10",
              "resolved": "https://registry.npmjs.org/async/-/async-0.2.10.tgz",
              "integrity": "sha1-trvgsGdLnXGXCMo43owjfLUmw9E="
            },
            "colors": {
              "version": "0.6.2",
              "resolved": "https://registry.npmjs.org/colors/-/colors-0.6.2.tgz",
              "integrity": "sha1-JCP+ZnisDF2uiFLl0OW+CMmXq8w="
            },
            "cycle": {
              "version": "1.0.3",
              "resolved": "https://registry.npmjs.org/cycle/-/cycle-1.0.3.tgz",
              "integrity": "sha1-IegLK+hYD5i0aPN5QwZisEbDStI="
            },
            "eyes": {
              "version": "0.1.8",
              "resolved": "https://registry.npmjs.org/eyes/-/eyes-0.1.8.tgz",
              "integrity": "sha1-Ys8SAjTGg3hdkCNIqADvPgzCC8A="
            },
            "isstream": {
              "version": "0.1.2",
              "resolved": "https://registry.npmjs.org/isstream/-/isstream-0.1.2.tgz",
              "integrity": "sha1-R+Y/evVa+m+S4VAOaQ64uFKcCZo="
            },
            "pkginfo": {
              "version": "0.3.1",
              "resolved": "https://registry.npmjs.org/pkginfo/-/pkginfo-0.3.1.tgz",
              "integrity": "sha1-Wyn2qB9wcXFC4J52W76rl7T4HiE="
            },
            "stack-trace": {
              "version": "0.0.10",
              "resolved": "https://registry.npmjs.org/stack-trace/-/stack-trace-0.0.10.tgz",
              "integrity": "sha1-VHxws0fo0ytOEI6hoqFZ5f3eGcA="
            }
          }
        }
      }
    },
    "punycode": {
      "version": "1.4.1",
      "resolved": "https://registry.npmjs.org/punycode/-/punycode-1.4.1.tgz",
      "integrity": "sha1-wNWmOycYgArY4esPpSachN1BhF4="
    },
    "regexp-quote": {
      "version": "0.0.0",
      "resolved": "https://registry.npmjs.org/regexp-quote/-/regexp-quote-0.0.0.tgz",
      "integrity": "sha1-Hg9GUMhi3L/tVP1CsUjpuxch/PI="
    },
    "request-promise": {
      "version": "4.2.2",
      "resolved": "https://registry.npmjs.org/request-promise/-/request-promise-4.2.2.tgz",
      "integrity": "sha1-0epG1lSm7k+O5qT+oQGMIpEZBLQ=",
      "requires": {
        "bluebird": "3.5.1",
        "request-promise-core": "1.1.1",
        "stealthy-require": "1.1.1",
        "tough-cookie": "2.3.3"
      }
    },
    "request-promise-core": {
      "version": "1.1.1",
      "resolved": "https://registry.npmjs.org/request-promise-core/-/request-promise-core-1.1.1.tgz",
      "integrity": "sha1-Pu4AssWqgyOc+wTFcA2jb4HNCLY=",
      "requires": {
        "lodash": "https://registry.npmjs.org/lodash/-/lodash-4.17.4.tgz"
      }
    },
    "restore-cursor": {
      "version": "2.0.0",
      "resolved": "https://registry.npmjs.org/restore-cursor/-/restore-cursor-2.0.0.tgz",
      "integrity": "sha1-n37ih/gv0ybU/RYpI9YhKe7g368=",
      "requires": {
        "onetime": "2.0.1",
        "signal-exit": "3.0.2"
      }
    },
    "run-async": {
      "version": "2.3.0",
      "resolved": "https://registry.npmjs.org/run-async/-/run-async-2.3.0.tgz",
      "integrity": "sha1-A3GrSuC91yDUFm19/aZP96RFpsA=",
      "requires": {
        "is-promise": "2.1.0"
      }
    },
    "rx-lite": {
      "version": "4.0.8",
      "resolved": "https://registry.npmjs.org/rx-lite/-/rx-lite-4.0.8.tgz",
      "integrity": "sha1-Cx4Rr4vESDbwSmQH6S2kJGe3lEQ="
    },
    "rx-lite-aggregates": {
      "version": "4.0.8",
      "resolved": "https://registry.npmjs.org/rx-lite-aggregates/-/rx-lite-aggregates-4.0.8.tgz",
      "integrity": "sha1-dTuHqJoRyVRnxKwWJsTvxOBcZ74=",
      "requires": {
        "rx-lite": "4.0.8"
      }
    },
    "shelljs": {
      "version": "0.3.0",
      "resolved": "https://registry.npmjs.org/shelljs/-/shelljs-0.3.0.tgz",
      "integrity": "sha1-NZbmMHp4FUT1kfN9phg2DzHbV7E="
    },
    "signal-exit": {
      "version": "3.0.2",
      "resolved": "https://registry.npmjs.org/signal-exit/-/signal-exit-3.0.2.tgz",
      "integrity": "sha1-tf3AjxKH6hF4Yo5BXiUTK3NkbG0="
    },
    "stealthy-require": {
      "version": "1.1.1",
      "resolved": "https://registry.npmjs.org/stealthy-require/-/stealthy-require-1.1.1.tgz",
      "integrity": "sha1-NbCYdbT/SfJqd35QmzCQoyJr8ks="
    },
    "string-width": {
      "version": "2.1.1",
      "resolved": "https://registry.npmjs.org/string-width/-/string-width-2.1.1.tgz",
      "integrity": "sha512-nOqH59deCq9SRHlxq1Aw85Jnt4w6KvLKqWVik6oA9ZklXLNIOlqg4F2yrT1MVaTjAqvVwdfeZ7w7aCvJD7ugkw==",
      "requires": {
        "is-fullwidth-code-point": "2.0.0",
        "strip-ansi": "4.0.0"
      }
    },
    "strip-ansi": {
      "version": "4.0.0",
      "resolved": "https://registry.npmjs.org/strip-ansi/-/strip-ansi-4.0.0.tgz",
      "integrity": "sha1-qEeQIusaw2iocTibY1JixQXuNo8=",
      "requires": {
        "ansi-regex": "3.0.0"
      }
    },
    "supports-color": {
      "version": "4.5.0",
      "resolved": "https://registry.npmjs.org/supports-color/-/supports-color-4.5.0.tgz",
      "integrity": "sha1-vnoN5ITexcXN34s9WRJQRJEvY1s=",
      "requires": {
        "has-flag": "2.0.0"
      }
    },
    "through": {
      "version": "2.3.8",
      "resolved": "https://registry.npmjs.org/through/-/through-2.3.8.tgz",
      "integrity": "sha1-DdTJ/6q8NXlgsbckEV1+Doai4fU="
    },
    "tmp": {
      "version": "0.0.33",
      "resolved": "https://registry.npmjs.org/tmp/-/tmp-0.0.33.tgz",
      "integrity": "sha512-jRCJlojKnZ3addtTOjdIqoRuPEKBvNXcGYqzO6zWZX8KfKEpnGY5jfggJQ3EjKuu8D4bJRr0y+cYJFmYbImXGw==",
      "requires": {
        "os-tmpdir": "1.0.2"
      }
    },
    "tough-cookie": {
      "version": "2.3.3",
      "resolved": "https://registry.npmjs.org/tough-cookie/-/tough-cookie-2.3.3.tgz",
      "integrity": "sha1-C2GKVWW23qkL80JdBNVe3EdadWE=",
      "requires": {
        "punycode": "1.4.1"
      }
    },
    "user-settings": {
      "version": "0.2.0",
      "resolved": "https://registry.npmjs.org/user-settings/-/user-settings-0.2.0.tgz",
      "integrity": "sha512-y0nkqj93bYuOaYJWAM8FhYUDg67dC9iPLY6lPwTwguP/amuSTHKAc1QSvSw16jmrKVcPyV6ti2e682vqE0Rdvw=="
    }
  }
}
